
Microsoft Visual Studio Solution File, Format Version 12.00
# Visual Studio Version 16
VisualStudioVersion = 16.0.30011.22
MinimumVisualStudioVersion = 10.0.40219.1
Project("{FAE04EC0-301F-11D3-BF4B-00C04F79EFBC}") = "DictionaryWarCoDex", "DictionaryWarCoDex\DictionaryWarCoDex.csproj", "{FF61B3F0-5E2E-4628-8226-4A638F26C7C8}"
EndProject
Global
	GlobalSection(SolutionConfigurationPlatforms) = preSolution
		Debug|Any CPU = Debug|Any CPU
		Release|Any CPU = Release|Any CPU
	EndGlobalSection
	GlobalSection(ProjectConfigurationPlatforms) = postSolution
		{FF61B3F0-5E2E-4628-8226-4A638F26C7C8}.Debug|Any CPU.ActiveCfg = Debug|Any CPU
		{FF61B3F0-5E2E-4628-8226-4A638F26C7C8}.Debug|Any CPU.Build.0 = Debug|Any CPU
		{FF61B3F0-5E2E-4628-8226-4A638F26C7C8}.Release|Any CPU.ActiveCfg = Release|Any CPU
		{FF61B3F0-5E2E-4628-8226-4A638F26C7C8}.Release|Any CPU.Build.0 = Release|Any CPU
	EndGlobalSection
	GlobalSection(SolutionProperties) = preSolution
		HideSolutionNode = FALSE
	EndGlobalSection
	GlobalSection(ExtensibilityGlobals) = postSolution
		SolutionGuid = {609443BE-5CBA-4243-AB9B-08212901C38B}
	EndGlobalSection
EndGlobal
